{
  "originHash" : "5c8fdaea6eebec6518fd333d40a0117c4fbfe8545b94329779e2a740fa7394ba",
  "pins" : [
    {
      "identity" : "mirror-merge",
      "kind" : "remoteSourceControl",
      "location" : "https://github.com/isanf-terra/mirror-merge.git",
      "state" : {
        "branch" : "iOS13",
        "revision" : "20a417bb4050485affa86a5c17fa7c1a1b5cdf27"
      }
    },
    {
      "identity" : "mirror-subproces",
      "kind" : "remoteSourceControl",
      "location" : "https://github.com/isanf-terra/mirror-subproces.git",
      "state" : {
        "branch" : "iOS13",
        "revision" : "cd08790f3936eeaeaa641e68dade9222aba4022b"
      }
    },
    {
      "identity" : "mirror-swallow",
      "kind" : "remoteSourceControl",
      "location" : "https://github.com/isanf-terra/mirror-swallow.git",
      "state" : {
        "branch" : "main",
        "revision" : "026281e083f3b6790962d6704e1008e555845b84"
      }
    },
    {
      "identity" : "swift-atomics",
      "kind" : "remoteSourceControl",
      "location" : "https://github.com/apple/swift-atomics.git",
      "state" : {
        "revision" : "b601256eab081c0f92f059e12818ac1d4f178ff7",
        "version" : "1.3.0"
      }
    },
    {
      "identity" : "swift-collections",
      "kind" : "remoteSourceControl",
      "location" : "https://github.com/apple/swift-collections",
      "state" : {
        "revision" : "c1805596154bb3a265fd91b8ac0c4433b4348fb0",
        "version" : "1.2.0"
      }
    },
    {
      "identity" : "swift-syntax",
      "kind" : "remoteSourceControl",
      "location" : "https://github.com/swiftlang/swift-syntax.git",
      "state" : {
        "revision" : "0687f71944021d616d34d922343dcef086855920",
        "version" : "600.0.1"
      }
    },
    {
      "identity" : "swift-system",
      "kind" : "remoteSourceControl",
      "location" : "https://github.com/apple/swift-system",
      "state" : {
        "revision" : "61e4ca4b81b9e09e2ec863b00c340eb13497dac6",
        "version" : "1.5.0"
      }
    }
  ],
  "version" : 3
}
